
Microsoft Visual Studio Solution File, Format Version 12.00
# Visual Studio Version 16
VisualStudioVersion = 16.0.31402.337
MinimumVisualStudioVersion = 10.0.40219.1
Project("{FAE04EC0-301F-11D3-BF4B-00C04F79EFBC}") = "beatCUE", "beatCUE\beatCUE.csproj", "{44039754-DD9F-4DDC-AAE9-AA8C6FE17927}"
EndProject
Global
	GlobalSection(SolutionConfigurationPlatforms) = preSolution
		Debug|Any CPU = Debug|Any CPU
		Release|Any CPU = Release|Any CPU
	EndGlobalSection
	GlobalSection(ProjectConfigurationPlatforms) = postSolution
		{44039754-DD9F-4DDC-AAE9-AA8C6FE17927}.Debug|Any CPU.ActiveCfg = Debug|Any CPU
		{44039754-DD9F-4DDC-AAE9-AA8C6FE17927}.Debug|Any CPU.Build.0 = Debug|Any CPU
		{44039754-DD9F-4DDC-AAE9-AA8C6FE17927}.Release|Any CPU.ActiveCfg = Release|Any CPU
		{44039754-DD9F-4DDC-AAE9-AA8C6FE17927}.Release|Any CPU.Build.0 = Release|Any CPU
	EndGlobalSection
	GlobalSection(SolutionProperties) = preSolution
		HideSolutionNode = FALSE
	EndGlobalSection
	GlobalSection(ExtensibilityGlobals) = postSolution
		SolutionGuid = {149FEC5F-EAD4-4466-8392-2F67C1C16A97}
	EndGlobalSection
EndGlobal
